<?xml version="1.0" encoding="utf-8"?>
<Project ToolsVersion="4.0" xmlns="http://schemas.microsoft.com/developer/msbuild/2003">
  <ItemGroup>
    <Filter Include="源文件">
      <UniqueIdentifier>{4FC737F1-C7A5-4376-A066-2A32D752A2FF}</UniqueIdentifier>
      <Extensions>cpp;c;cc;cxx;def;odl;idl;hpj;bat;asm;asmx</Extensions>
    </Filter>
    <Filter Include="头文件">
      <UniqueIdentifier>{93995380-89BD-4b04-88EB-625FBE52EBFB}</UniqueIdentifier>
      <Extensions>h;hh;hpp;hxx;hm;inl;inc;xsd</Extensions>
    </Filter>
    <Filter Include="资源文件">
      <UniqueIdentifier>{67DA6AB6-F800-4c08-8B7A-83BB121AAD01}</UniqueIdentifier>
      <Extensions>rc;ico;cur;bmp;dlg;rc2;rct;bin;rgs;gif;jpg;jpeg;jpe;resx;tiff;tif;png;wav;mfcribbon-ms</Extensions>
    </Filter>
    <Filter Include="wrap">
      <UniqueIdentifier>{c91efa21-91ca-4fd5-a21e-d57e82ac63c5}</UniqueIdentifier>
    </Filter>
    <Filter Include="zip">
      <UniqueIdentifier>{812f9016-d0cc-4735-a737-54ad4b88cb3c}</UniqueIdentifier>
    </Filter>
    <Filter Include="zlib">
      <UniqueIdentifier>{e39e4ac1-ee7d-49ad-9239-ccd7f2bd4de0}</UniqueIdentifier>
    </Filter>
    <Filter Include="crypto">
      <UniqueIdentifier>{32342043-e2a6-4e8d-bf04-b9b5e07fe7cd}</UniqueIdentifier>
    </Filter>
    <Filter Include="compat">
      <UniqueIdentifier>{852c0f89-96bc-47dd-94d1-9f18acb69542}</UniqueIdentifier>
    </Filter>
  </ItemGroup>
  <ItemGroup>
    <Text Include="ReadMe.txt" />
  </ItemGroup>
  <ItemGroup>
    <ClInclude Include="stdafx.h">
      <Filter>头文件</Filter>
    </ClInclude>
    <ClInclude Include="zlib\crc32.h">
      <Filter>zlib</Filter>
    </ClInclude>
    <ClInclude Include="zlib\deflate.h">
      <Filter>zlib</Filter>
    </ClInclude>
    <ClInclude Include="zlib\gzguts.h">
      <Filter>zlib</Filter>
    </ClInclude>
    <ClInclude Include="zlib\inffast.h">
      <Filter>zlib</Filter>
    </ClInclude>
    <ClInclude Include="zlib\inffixed.h">
      <Filter>zlib</Filter>
    </ClInclude>
    <ClInclude Include="zlib\inflate.h">
      <Filter>zlib</Filter>
    </ClInclude>
    <ClInclude Include="zlib\inftrees.h">
      <Filter>zlib</Filter>
    </ClInclude>
    <ClInclude Include="zlib\trees.h">
      <Filter>zlib</Filter>
    </ClInclude>
    <ClInclude Include="zlib\zconf.h">
      <Filter>zlib</Filter>
    </ClInclude>
    <ClInclude Include="zlib\zlib.h">
      <Filter>zlib</Filter>
    </ClInclude>
    <ClInclude Include="zlib\zutil.h">
      <Filter>zlib</Filter>
    </ClInclude>
    <ClInclude Include="zip\ioapi.h">
      <Filter>zip</Filter>
    </ClInclude>
    <ClInclude Include="zip\unzip.h">
      <Filter>zip</Filter>
    </ClInclude>
    <ClInclude Include="zip\zip.h">
      <Filter>zip</Filter>
    </ClInclude>
    <ClInclude Include="zip\crypt.h">
      <Filter>zip</Filter>
    </ClInclude>
    <ClInclude Include="crypto\ripemd160.h">
      <Filter>crypto</Filter>
    </ClInclude>
    <ClInclude Include="crypto\sha1.h">
      <Filter>crypto</Filter>
    </ClInclude>
    <ClInclude Include="crypto\sha256.h">
      <Filter>crypto</Filter>
    </ClInclude>
    <ClInclude Include="crypto\sha512.h">
      <Filter>crypto</Filter>
    </ClInclude>
    <ClInclude Include="crypto\aes.h">
      <Filter>crypto</Filter>
    </ClInclude>
    <ClInclude Include="crypto\chacha20.h">
      <Filter>crypto</Filter>
    </ClInclude>
    <ClInclude Include="crypto\common.h">
      <Filter>crypto</Filter>
    </ClInclude>
    <ClInclude Include="crypto\ctaes.h">
      <Filter>crypto</Filter>
    </ClInclude>
    <ClInclude Include="crypto\hmac_sha256.h">
      <Filter>crypto</Filter>
    </ClInclude>
    <ClInclude Include="crypto\hmac_sha512.h">
      <Filter>crypto</Filter>
    </ClInclude>
    <ClInclude Include="crypto\md5.h">
      <Filter>crypto</Filter>
    </ClInclude>
    <ClInclude Include="compat\endian.h">
      <Filter>compat</Filter>
    </ClInclude>
    <ClInclude Include="wrap\event.h">
      <Filter>wrap</Filter>
    </ClInclude>
    <ClInclude Include="wrap\event_handler.h">
      <Filter>wrap</Filter>
    </ClInclude>
    <ClInclude Include="wrap\file_mgr.h">
      <Filter>wrap</Filter>
    </ClInclude>
    <ClInclude Include="wrap\funcs.h">
      <Filter>wrap</Filter>
    </ClInclude>
    <ClInclude Include="wrap\mutex.h">
      <Filter>wrap</Filter>
    </ClInclude>
    <ClInclude Include="wrap\pool.h">
      <Filter>wrap</Filter>
    </ClInclude>
    <ClInclude Include="wrap\reactor.h">
      <Filter>wrap</Filter>
    </ClInclude>
    <ClInclude Include="wrap\set_thread_name_win.h">
      <Filter>wrap</Filter>
    </ClInclude>
    <ClInclude Include="wrap\thread.h">
      <Filter>wrap</Filter>
    </ClInclude>
    <ClInclude Include="wrap\timer.h">
      <Filter>wrap</Filter>
    </ClInclude>
    <ClInclude Include="wrap\typedefs.h">
      <Filter>wrap</Filter>
    </ClInclude>
    <ClInclude Include="wrap\client_socket.h">
      <Filter>wrap</Filter>
    </ClInclude>
    <ClInclude Include="wrap\config.h">
      <Filter>wrap</Filter>
    </ClInclude>
    <ClInclude Include="wrap\counter.h">
      <Filter>wrap</Filter>
    </ClInclude>
    <ClInclude Include="wrap\data_block.h">
      <Filter>wrap</Filter>
    </ClInclude>
    <ClInclude Include="wrap\data_decoder.h">
      <Filter>wrap</Filter>
    </ClInclude>
    <ClInclude Include="wrap\http_download.h">
      <Filter>wrap</Filter>
    </ClInclude>
    <ClInclude Include="wrap\http_download_mgr.h">
      <Filter>wrap</Filter>
    </ClInclude>
    <ClInclude Include="wrap\http_downtype.h">
      <Filter>wrap</Filter>
    </ClInclude>
    <ClInclude Include="wrap\httpcontent.h">
      <Filter>wrap</Filter>
    </ClInclude>
    <ClInclude Include="wrap\thread_informer.h">
      <Filter>wrap</Filter>
    </ClInclude>
    <ClInclude Include="wrap\thread_mgr.h">
      <Filter>wrap</Filter>
    </ClInclude>
  </ItemGroup>
  <ItemGroup>
    <ClCompile Include="stdafx.cpp">
      <Filter>源文件</Filter>
    </ClCompile>
    <ClCompile Include="Base.cpp">
      <Filter>源文件</Filter>
    </ClCompile>
    <ClCompile Include="zlib\crc32.c">
      <Filter>zlib</Filter>
    </ClCompile>
    <ClCompile Include="zlib\deflate.c">
      <Filter>zlib</Filter>
    </ClCompile>
    <ClCompile Include="zlib\gzclose.c">
      <Filter>zlib</Filter>
    </ClCompile>
    <ClCompile Include="zlib\gzlib.c">
      <Filter>zlib</Filter>
    </ClCompile>
    <ClCompile Include="zlib\gzread.c">
      <Filter>zlib</Filter>
    </ClCompile>
    <ClCompile Include="zlib\gzwrite.c">
      <Filter>zlib</Filter>
    </ClCompile>
    <ClCompile Include="zlib\infback.c">
      <Filter>zlib</Filter>
    </ClCompile>
    <ClCompile Include="zlib\inffast.c">
      <Filter>zlib</Filter>
    </ClCompile>
    <ClCompile Include="zlib\inflate.c">
      <Filter>zlib</Filter>
    </ClCompile>
    <ClCompile Include="zlib\inftrees.c">
      <Filter>zlib</Filter>
    </ClCompile>
    <ClCompile Include="zlib\trees.c">
      <Filter>zlib</Filter>
    </ClCompile>
    <ClCompile Include="zlib\uncompr.c">
      <Filter>zlib</Filter>
    </ClCompile>
    <ClCompile Include="zlib\zutil.c">
      <Filter>zlib</Filter>
    </ClCompile>
    <ClCompile Include="zlib\adler32.c">
      <Filter>zlib</Filter>
    </ClCompile>
    <ClCompile Include="zlib\compress.c">
      <Filter>zlib</Filter>
    </ClCompile>
    <ClCompile Include="zip\unzip.c">
      <Filter>zip</Filter>
    </ClCompile>
    <ClCompile Include="zip\zip.c">
      <Filter>zip</Filter>
    </ClCompile>
    <ClCompile Include="zip\ioapi.c">
      <Filter>zip</Filter>
    </ClCompile>
    <ClCompile Include="crypto\sha1.cpp">
      <Filter>crypto</Filter>
    </ClCompile>
    <ClCompile Include="crypto\sha256.cpp">
      <Filter>crypto</Filter>
    </ClCompile>
    <ClCompile Include="crypto\sha256_sse4.cpp">
      <Filter>crypto</Filter>
    </ClCompile>
    <ClCompile Include="crypto\sha512.cpp">
      <Filter>crypto</Filter>
    </ClCompile>
    <ClCompile Include="crypto\aes.cpp">
      <Filter>crypto</Filter>
    </ClCompile>
    <ClCompile Include="crypto\chacha20.cpp">
      <Filter>crypto</Filter>
    </ClCompile>
    <ClCompile Include="crypto\ctaes.c">
      <Filter>crypto</Filter>
    </ClCompile>
    <ClCompile Include="crypto\hmac_sha256.cpp">
      <Filter>crypto</Filter>
    </ClCompile>
    <ClCompile Include="crypto\hmac_sha512.cpp">
      <Filter>crypto</Filter>
    </ClCompile>
    <ClCompile Include="crypto\ripemd160.cpp">
      <Filter>crypto</Filter>
    </ClCompile>
    <ClCompile Include="crypto\md5.cpp">
      <Filter>crypto</Filter>
    </ClCompile>
    <ClCompile Include="wrap\event.cpp">
      <Filter>wrap</Filter>
    </ClCompile>
    <ClCompile Include="wrap\event_handler.cpp">
      <Filter>wrap</Filter>
    </ClCompile>
    <ClCompile Include="wrap\file_mgr.cpp">
      <Filter>wrap</Filter>
    </ClCompile>
    <ClCompile Include="wrap\funcs.cpp">
      <Filter>wrap</Filter>
    </ClCompile>
    <ClCompile Include="wrap\reactor.cpp">
      <Filter>wrap</Filter>
    </ClCompile>
    <ClCompile Include="wrap\thread.cpp">
      <Filter>wrap</Filter>
    </ClCompile>
    <ClCompile Include="wrap\timer.cpp">
      <Filter>wrap</Filter>
    </ClCompile>
    <ClCompile Include="wrap\client_socket.cpp">
      <Filter>wrap</Filter>
    </ClCompile>
    <ClCompile Include="wrap\data_decoder.cpp">
      <Filter>wrap</Filter>
    </ClCompile>
    <ClCompile Include="wrap\http_download_mgr.cpp">
      <Filter>wrap</Filter>
    </ClCompile>
    <ClCompile Include="wrap\httpcontent.cpp">
      <Filter>wrap</Filter>
    </ClCompile>
    <ClCompile Include="wrap\http_download.cpp">
      <Filter>wrap</Filter>
    </ClCompile>
    <ClCompile Include="wrap\thread_mgr.cpp">
      <Filter>wrap</Filter>
    </ClCompile>
    <ClCompile Include="wrap\thread_informer.cpp">
      <Filter>wrap</Filter>
    </ClCompile>
  </ItemGroup>
</Project>